# THIS IS AN AUTOGENERATED FILE. DO NOT EDIT THIS FILE DIRECTLY.
# yarn lockfile v1


"@types/prismjs@^1.16.1":
  version "1.16.1"
  resolved "https://registry.npm.taobao.org/@types/prismjs/download/@types/prismjs-1.16.1.tgz#50b82947207847db6abcbcd14caa89e3b897c259"
  integrity sha1-ULgpRyB4R9tqvLzRTKqJ47iXwlk=
